{
  "name": "live-metro-api",
  "version": "1.0.0",
  "lockfileVersion": 1,
  "requires": true,
  "dependencies": {
    "cheap-ruler": {
      "version": "2.5.1",
      "resolved": "https://registry.npmjs.org/cheap-ruler/-/cheap-ruler-2.5.1.tgz",
      "integrity": "sha512-5x22zeBDPIXdDDiqIsC8tkOY1HEBD6FCRCfsvgwNg9yelClCpvfNGk0L2MotxTDEL4aoXOUUgdm3rPOBSLF+jA=="
    },
    "lodash": {
      "version": "4.17.21",
      "resolved": "https://registry.npmjs.org/lodash/-/lodash-4.17.21.tgz",
      "integrity": "sha512-v2kDEe57lecTulaDIuNTPy3Ry4gLGJ6Z1O3vE1krgXZNrsQ+LFTGHVxVjcXPs17LhbZVGedAJv8XZ1tvj5FvSg=="
    },
    "node-fetch": {
      "version": "2.6.1",
      "resolved": "https://registry.npmjs.org/node-fetch/-/node-fetch-2.6.1.tgz",
      "integrity": "sha512-V4aYg89jEoVRxRb2fJdAg8FHvI7cEyYdVAh94HH0UIK8oJxUfkjlDQN9RbMx+bEjP7+ggMiFRprSti032Oipxw=="
    }
  }
}
